
Microsoft Visual Studio Solution File, Format Version 12.00
# Visual Studio Version 16
VisualStudioVersion = 16.0.30114.105
MinimumVisualStudioVersion = 10.0.40219.1
Project("{2150E333-8FDC-42A3-9474-1A3956D46DE8}") = "src", "src", "{36DEE18E-7BC1-4B12-BB8E-0E4CAC61C538}"
EndProject
Project("{F2A71F9B-5D33-465A-A702-920D77279786}") = "Ch04", "src\Ch04\Ch04.fsproj", "{76091BA5-D344-45B9-AFDC-43BE95E10050}"
EndProject
Project("{2150E333-8FDC-42A3-9474-1A3956D46DE8}") = "tests", "tests", "{4F4E269D-CBC6-416E-A688-8C6C60162056}"
EndProject
Project("{F2A71F9B-5D33-465A-A702-920D77279786}") = "Ch04Tests", "tests\Ch04Tests\Ch04Tests.fsproj", "{380DBA55-F0FC-411A-9335-1577F78D4C29}"
EndProject
Global
	GlobalSection(SolutionConfigurationPlatforms) = preSolution
		Debug|Any CPU = Debug|Any CPU
		Release|Any CPU = Release|Any CPU
	EndGlobalSection
	GlobalSection(SolutionProperties) = preSolution
		HideSolutionNode = FALSE
	EndGlobalSection
	GlobalSection(ProjectConfigurationPlatforms) = postSolution
		{76091BA5-D344-45B9-AFDC-43BE95E10050}.Debug|Any CPU.ActiveCfg = Debug|Any CPU
		{76091BA5-D344-45B9-AFDC-43BE95E10050}.Debug|Any CPU.Build.0 = Debug|Any CPU
		{76091BA5-D344-45B9-AFDC-43BE95E10050}.Release|Any CPU.ActiveCfg = Release|Any CPU
		{76091BA5-D344-45B9-AFDC-43BE95E10050}.Release|Any CPU.Build.0 = Release|Any CPU
		{380DBA55-F0FC-411A-9335-1577F78D4C29}.Debug|Any CPU.ActiveCfg = Debug|Any CPU
		{380DBA55-F0FC-411A-9335-1577F78D4C29}.Debug|Any CPU.Build.0 = Debug|Any CPU
		{380DBA55-F0FC-411A-9335-1577F78D4C29}.Release|Any CPU.ActiveCfg = Release|Any CPU
		{380DBA55-F0FC-411A-9335-1577F78D4C29}.Release|Any CPU.Build.0 = Release|Any CPU
	EndGlobalSection
	GlobalSection(NestedProjects) = preSolution
		{76091BA5-D344-45B9-AFDC-43BE95E10050} = {36DEE18E-7BC1-4B12-BB8E-0E4CAC61C538}
		{380DBA55-F0FC-411A-9335-1577F78D4C29} = {4F4E269D-CBC6-416E-A688-8C6C60162056}
	EndGlobalSection
EndGlobal
